
Microsoft Visual Studio Solution File, Format Version 12.00
# Visual Studio 2012
Project("{2150E333-8FDC-42A3-9474-1A3956D46DE8}") = ".nuget", ".nuget", "{2C81681A-30FC-4F70-9A7B-A477FC08DB02}"
	ProjectSection(SolutionItems) = preProject
		.nuget\NuGet.Config = .nuget\NuGet.Config
		.nuget\NuGet.exe = .nuget\NuGet.exe
		.nuget\NuGet.targets = .nuget\NuGet.targets
	EndProjectSection
EndProject
Project("{2150E333-8FDC-42A3-9474-1A3956D46DE8}") = "Solution Items", "Solution Items", "{6B60345A-BCB4-48D3-9D65-BFA7EDECB779}"
	ProjectSection(SolutionItems) = preProject
		Telerik.Sitefinity.Frontend.TestUI.TestCases1.vsmdi = Telerik.Sitefinity.Frontend.TestUI.TestCases1.vsmdi
		UITestCasesLocal.testsettings = UITestCasesLocal.testsettings
		UITestCasesRemote.testsettings = UITestCasesRemote.testsettings
	EndProjectSection
EndProject
Project("{FAE04EC0-301F-11D3-BF4B-00C04F79EFBC}") = "Telerik.Sitefinity.Frontend.TestUI.TestCases", "Telerik.Sitefinity.Frontend.TestUI.TestCases.csproj", "{E90A06CF-7889-4A32-A941-4FD76332C179}"
EndProject
Project("{FAE04EC0-301F-11D3-BF4B-00C04F79EFBC}") = "Telerik.Sitefinity.Frontend.TestUI.Framework", "..\Telerik.Sitefinity.Frontend.TestUI.Framework\Telerik.Sitefinity.Frontend.TestUI.Framework.csproj", "{36E7ADAD-8C01-425F-A425-E35B0696D8B6}"
EndProject
Global
	GlobalSection(TestCaseManagementSettings) = postSolution
		CategoryFile = Telerik.Sitefinity.Frontend.TestUI.TestCases1.vsmdi
	EndGlobalSection
	GlobalSection(SolutionConfigurationPlatforms) = preSolution
		Debug|Any CPU = Debug|Any CPU
		Release|Any CPU = Release|Any CPU
	EndGlobalSection
	GlobalSection(ProjectConfigurationPlatforms) = postSolution
		{E90A06CF-7889-4A32-A941-4FD76332C179}.Debug|Any CPU.ActiveCfg = Debug|Any CPU
		{E90A06CF-7889-4A32-A941-4FD76332C179}.Debug|Any CPU.Build.0 = Debug|Any CPU
		{E90A06CF-7889-4A32-A941-4FD76332C179}.Release|Any CPU.ActiveCfg = Release|Any CPU
		{E90A06CF-7889-4A32-A941-4FD76332C179}.Release|Any CPU.Build.0 = Release|Any CPU
		{36E7ADAD-8C01-425F-A425-E35B0696D8B6}.Debug|Any CPU.ActiveCfg = Debug|Any CPU
		{36E7ADAD-8C01-425F-A425-E35B0696D8B6}.Debug|Any CPU.Build.0 = Debug|Any CPU
		{36E7ADAD-8C01-425F-A425-E35B0696D8B6}.Release|Any CPU.ActiveCfg = Release|Any CPU
		{36E7ADAD-8C01-425F-A425-E35B0696D8B6}.Release|Any CPU.Build.0 = Release|Any CPU
	EndGlobalSection
	GlobalSection(SolutionProperties) = preSolution
		HideSolutionNode = FALSE
	EndGlobalSection
EndGlobal
