
Microsoft Visual Studio Solution File, Format Version 12.00
# Visual Studio 2012
Project("{FAE04EC0-301F-11D3-BF4B-00C04F79EFBC}") = "Telerik.Sitefinity.Frontend", "Telerik.Sitefinity.Frontend\Telerik.Sitefinity.Frontend.csproj", "{17ED04C3-0AB9-4055-9908-6C70720DAF77}"
EndProject
Project("{FAE04EC0-301F-11D3-BF4B-00C04F79EFBC}") = "Telerik.Sitefinity.Frontend.Test", "Telerik.Sitefinity.Frontend.Test\Telerik.Sitefinity.Frontend.Test.csproj", "{D607959E-5DE3-43B9-8731-C22E495FCEF7}"
EndProject
Project("{2150E333-8FDC-42A3-9474-1A3956D46DE8}") = "Solution Items", "Solution Items", "{E3E1F3A5-2C9C-4223-ADBC-86904842C274}"
	ProjectSection(SolutionItems) = preProject
		TestSettings.testsettings = TestSettings.testsettings
	EndProjectSection
EndProject
Global
	GlobalSection(TeamFoundationVersionControl) = preSolution
		SccNumberOfProjects = 1
		SccEnterpriseProvider = {4CA58AB2-18FA-4F8D-95D4-32DDF27D184C}
		SccTeamFoundationServer = http://tfs.telerik.com:8082/defaultcollection
		SccProjectUniqueName0 = Telerik.Sitefinity.Frontend\\Telerik.Sitefinity.Frontend.csproj
		SccProjectName0 = Telerik.Sitefinity.Frontend
		SccAuxPath0 = http://tfs.telerik.com:8082/defaultcollection
		SccLocalPath0 = Telerik.Sitefinity.Frontend
		SccProvider0 = {4CA58AB2-18FA-4F8D-95D4-32DDF27D184C}
	EndGlobalSection
	GlobalSection(SolutionConfigurationPlatforms) = preSolution
		Debug|Any CPU = Debug|Any CPU
		Release|Any CPU = Release|Any CPU
	EndGlobalSection
	GlobalSection(ProjectConfigurationPlatforms) = postSolution
		{17ED04C3-0AB9-4055-9908-6C70720DAF77}.Debug|Any CPU.ActiveCfg = Debug|Any CPU
		{17ED04C3-0AB9-4055-9908-6C70720DAF77}.Debug|Any CPU.Build.0 = Debug|Any CPU
		{17ED04C3-0AB9-4055-9908-6C70720DAF77}.Release|Any CPU.ActiveCfg = Release|Any CPU
		{17ED04C3-0AB9-4055-9908-6C70720DAF77}.Release|Any CPU.Build.0 = Release|Any CPU
		{D607959E-5DE3-43B9-8731-C22E495FCEF7}.Debug|Any CPU.ActiveCfg = Debug|Any CPU
		{D607959E-5DE3-43B9-8731-C22E495FCEF7}.Debug|Any CPU.Build.0 = Debug|Any CPU
		{D607959E-5DE3-43B9-8731-C22E495FCEF7}.Release|Any CPU.ActiveCfg = Release|Any CPU
		{D607959E-5DE3-43B9-8731-C22E495FCEF7}.Release|Any CPU.Build.0 = Release|Any CPU
	EndGlobalSection
	GlobalSection(SolutionProperties) = preSolution
		HideSolutionNode = FALSE
	EndGlobalSection
EndGlobal
