
Microsoft Visual Studio Solution File, Format Version 12.00
# Visual Studio 2012
Project("{FAE04EC0-301F-11D3-BF4B-00C04F79EFBC}") = "Telerik.Sitefinity.Frontend", "Telerik.Sitefinity.Frontend\Telerik.Sitefinity.Frontend.csproj", "{17ED04C3-0AB9-4055-9908-6C70720DAF77}"
EndProject
Project("{2150E333-8FDC-42A3-9474-1A3956D46DE8}") = "Solution Items", "Solution Items", "{E3E1F3A5-2C9C-4223-ADBC-86904842C274}"
	ProjectSection(SolutionItems) = preProject
		Feather.ruleset = Feather.ruleset
		Feather.vsmdi = Feather.vsmdi
		Tests\TestSettings.testsettings = Tests\TestSettings.testsettings
	EndProjectSection
EndProject
Project("{2150E333-8FDC-42A3-9474-1A3956D46DE8}") = ".nuget", ".nuget", "{F9885515-25E7-4C15-AE1B-032098DE1A90}"
	ProjectSection(SolutionItems) = preProject
		.nuget\NuGet.Config = .nuget\NuGet.Config
		.nuget\NuGet.exe = .nuget\NuGet.exe
		.nuget\NuGet.targets = .nuget\NuGet.targets
	EndProjectSection
EndProject
Project("{2150E333-8FDC-42A3-9474-1A3956D46DE8}") = "UITests", "UITests", "{EFF407A4-62ED-4B78-9573-7F65D70482C6}"
EndProject
Project("{2150E333-8FDC-42A3-9474-1A3956D46DE8}") = "Tests", "Tests", "{D7E812B2-E16E-4B90-9EF8-1C5F9F907E96}"
EndProject
Project("{FAE04EC0-301F-11D3-BF4B-00C04F79EFBC}") = "Telerik.Sitefinity.Frontend.ClientTest", "Tests\Telerik.Sitefinity.Frontend.ClientTest\Telerik.Sitefinity.Frontend.ClientTest.csproj", "{889A8B70-2B62-472A-AB7C-33CA9A7F48A0}"
EndProject
Project("{FAE04EC0-301F-11D3-BF4B-00C04F79EFBC}") = "Telerik.Sitefinity.Frontend.TestIntegration", "Tests\Telerik.Sitefinity.Frontend.TestIntegration\Telerik.Sitefinity.Frontend.TestIntegration.csproj", "{49B06F58-0510-4279-B6F1-90F23AB3768D}"
EndProject
Project("{FAE04EC0-301F-11D3-BF4B-00C04F79EFBC}") = "Telerik.Sitefinity.Frontend.TestUtilities", "Tests\Telerik.Sitefinity.Frontend.TestUtilities\Telerik.Sitefinity.Frontend.TestUtilities.csproj", "{1C663AB5-AEBC-41B5-A861-F635C37DAB47}"
EndProject
Project("{FAE04EC0-301F-11D3-BF4B-00C04F79EFBC}") = "Telerik.Sitefinity.Frontend.TestUI.Arrangements", "Tests\Telerik.Sitefinity.Frontend.TestUI.Arrangements\Telerik.Sitefinity.Frontend.TestUI.Arrangements.csproj", "{637A9A4D-A6D1-4C84-9A00-58AA440C2D58}"
EndProject
Project("{FAE04EC0-301F-11D3-BF4B-00C04F79EFBC}") = "Telerik.Sitefinity.Frontend.TestUnit", "Tests\Telerik.Sitefinity.Frontend.TestUnit\Telerik.Sitefinity.Frontend.TestUnit.csproj", "{D607959E-5DE3-43B9-8731-C22E495FCEF7}"
EndProject
Global
	GlobalSection(TestCaseManagementSettings) = postSolution
		CategoryFile = Feather.vsmdi
	EndGlobalSection
	GlobalSection(SolutionConfigurationPlatforms) = preSolution
		Debug|Any CPU = Debug|Any CPU
		Release Pro|Any CPU = Release Pro|Any CPU
		Release|Any CPU = Release|Any CPU
	EndGlobalSection
	GlobalSection(ProjectConfigurationPlatforms) = postSolution
		{17ED04C3-0AB9-4055-9908-6C70720DAF77}.Debug|Any CPU.ActiveCfg = Debug|Any CPU
		{17ED04C3-0AB9-4055-9908-6C70720DAF77}.Debug|Any CPU.Build.0 = Debug|Any CPU
		{17ED04C3-0AB9-4055-9908-6C70720DAF77}.Release Pro|Any CPU.ActiveCfg = Release|Any CPU
		{17ED04C3-0AB9-4055-9908-6C70720DAF77}.Release Pro|Any CPU.Build.0 = Release|Any CPU
		{17ED04C3-0AB9-4055-9908-6C70720DAF77}.Release|Any CPU.ActiveCfg = Release|Any CPU
		{17ED04C3-0AB9-4055-9908-6C70720DAF77}.Release|Any CPU.Build.0 = Release|Any CPU
		{889A8B70-2B62-472A-AB7C-33CA9A7F48A0}.Debug|Any CPU.ActiveCfg = Debug|Any CPU
		{889A8B70-2B62-472A-AB7C-33CA9A7F48A0}.Debug|Any CPU.Build.0 = Debug|Any CPU
		{889A8B70-2B62-472A-AB7C-33CA9A7F48A0}.Release Pro|Any CPU.ActiveCfg = Release|Any CPU
		{889A8B70-2B62-472A-AB7C-33CA9A7F48A0}.Release Pro|Any CPU.Build.0 = Release|Any CPU
		{889A8B70-2B62-472A-AB7C-33CA9A7F48A0}.Release|Any CPU.ActiveCfg = Release|Any CPU
		{889A8B70-2B62-472A-AB7C-33CA9A7F48A0}.Release|Any CPU.Build.0 = Release|Any CPU
		{49B06F58-0510-4279-B6F1-90F23AB3768D}.Debug|Any CPU.ActiveCfg = Debug|Any CPU
		{49B06F58-0510-4279-B6F1-90F23AB3768D}.Debug|Any CPU.Build.0 = Debug|Any CPU
		{49B06F58-0510-4279-B6F1-90F23AB3768D}.Release Pro|Any CPU.ActiveCfg = Release|Any CPU
		{49B06F58-0510-4279-B6F1-90F23AB3768D}.Release Pro|Any CPU.Build.0 = Release|Any CPU
		{49B06F58-0510-4279-B6F1-90F23AB3768D}.Release|Any CPU.ActiveCfg = Release|Any CPU
		{49B06F58-0510-4279-B6F1-90F23AB3768D}.Release|Any CPU.Build.0 = Release|Any CPU
		{1C663AB5-AEBC-41B5-A861-F635C37DAB47}.Debug|Any CPU.ActiveCfg = Debug|Any CPU
		{1C663AB5-AEBC-41B5-A861-F635C37DAB47}.Debug|Any CPU.Build.0 = Debug|Any CPU
		{1C663AB5-AEBC-41B5-A861-F635C37DAB47}.Release Pro|Any CPU.ActiveCfg = Release|Any CPU
		{1C663AB5-AEBC-41B5-A861-F635C37DAB47}.Release Pro|Any CPU.Build.0 = Release|Any CPU
		{1C663AB5-AEBC-41B5-A861-F635C37DAB47}.Release|Any CPU.ActiveCfg = Release|Any CPU
		{1C663AB5-AEBC-41B5-A861-F635C37DAB47}.Release|Any CPU.Build.0 = Release|Any CPU
		{637A9A4D-A6D1-4C84-9A00-58AA440C2D58}.Debug|Any CPU.ActiveCfg = Debug|Any CPU
		{637A9A4D-A6D1-4C84-9A00-58AA440C2D58}.Debug|Any CPU.Build.0 = Debug|Any CPU
		{637A9A4D-A6D1-4C84-9A00-58AA440C2D58}.Release Pro|Any CPU.ActiveCfg = Release|Any CPU
		{637A9A4D-A6D1-4C84-9A00-58AA440C2D58}.Release Pro|Any CPU.Build.0 = Release|Any CPU
		{637A9A4D-A6D1-4C84-9A00-58AA440C2D58}.Release|Any CPU.ActiveCfg = Release|Any CPU
		{637A9A4D-A6D1-4C84-9A00-58AA440C2D58}.Release|Any CPU.Build.0 = Release|Any CPU
		{D607959E-5DE3-43B9-8731-C22E495FCEF7}.Debug|Any CPU.ActiveCfg = Debug|Any CPU
		{D607959E-5DE3-43B9-8731-C22E495FCEF7}.Debug|Any CPU.Build.0 = Debug|Any CPU
		{D607959E-5DE3-43B9-8731-C22E495FCEF7}.Release Pro|Any CPU.ActiveCfg = Release|Any CPU
		{D607959E-5DE3-43B9-8731-C22E495FCEF7}.Release Pro|Any CPU.Build.0 = Release|Any CPU
		{D607959E-5DE3-43B9-8731-C22E495FCEF7}.Release|Any CPU.ActiveCfg = Release|Any CPU
		{D607959E-5DE3-43B9-8731-C22E495FCEF7}.Release|Any CPU.Build.0 = Release|Any CPU
	EndGlobalSection
	GlobalSection(SolutionProperties) = preSolution
		HideSolutionNode = FALSE
	EndGlobalSection
	GlobalSection(NestedProjects) = preSolution
		{637A9A4D-A6D1-4C84-9A00-58AA440C2D58} = {EFF407A4-62ED-4B78-9573-7F65D70482C6}
		{889A8B70-2B62-472A-AB7C-33CA9A7F48A0} = {D7E812B2-E16E-4B90-9EF8-1C5F9F907E96}
		{49B06F58-0510-4279-B6F1-90F23AB3768D} = {D7E812B2-E16E-4B90-9EF8-1C5F9F907E96}
		{1C663AB5-AEBC-41B5-A861-F635C37DAB47} = {D7E812B2-E16E-4B90-9EF8-1C5F9F907E96}
		{D607959E-5DE3-43B9-8731-C22E495FCEF7} = {D7E812B2-E16E-4B90-9EF8-1C5F9F907E96}
	EndGlobalSection
EndGlobal
